{
  "object": {
    "pins": [
      {
        "package": "Alamofire",
        "repositoryURL": "http://github.com/alamofire/alamofire",
        "state": {
          "branch": "master",
          "revision": "0621eb572397597f815f6aa16b5955abca25f997",
          "version": null
        }
      },
      {
        "package": "SwiftyJSON",
        "repositoryURL": "http://github.com/swiftyJSON/swiftyJSON/",
        "state": {
          "branch": "master",
          "revision": "b3dcd7dbd0d488e1a7077cb33b00f2083e382f07",
          "version": null
        }
      }
    ]
  },
  "version": 1
}
